Microsoft Visual Studio Solution File, Format Version 12.00
# Visual Studio Version 17
VisualStudioVersion = 17.5.2.0
MinimumVisualStudioVersion = 10.0.40219.1
Project("{FAE04EC0-301F-11D3-BF4B-00C04F79EFBC}") = "Estudo-Aprofundamento-POO", "Estudo-Aprofundamento-POO.csproj", "{82864A62-3B7A-5B20-684D-8F20718FCCB4}"
EndProject
Global
	GlobalSection(SolutionConfigurationPlatforms) = preSolution
		Debug|Any CPU = Debug|Any CPU
		Release|Any CPU = Release|Any CPU
	EndGlobalSection
	GlobalSection(ProjectConfigurationPlatforms) = postSolution
		{82864A62-3B7A-5B20-684D-8F20718FCCB4}.Debug|Any CPU.ActiveCfg = Debug|Any CPU
		{82864A62-3B7A-5B20-684D-8F20718FCCB4}.Debug|Any CPU.Build.0 = Debug|Any CPU
		{82864A62-3B7A-5B20-684D-8F20718FCCB4}.Release|Any CPU.ActiveCfg = Release|Any CPU
		{82864A62-3B7A-5B20-684D-8F20718FCCB4}.Release|Any CPU.Build.0 = Release|Any CPU
	EndGlobalSection
	GlobalSection(SolutionProperties) = preSolution
		HideSolutionNode = FALSE
	EndGlobalSection
	GlobalSection(ExtensibilityGlobals) = postSolution
		SolutionGuid = {72DEF194-7B15-4B03-85D9-377C862B43C9}
	EndGlobalSection
EndGlobal
